
Microsoft Visual Studio Solution File, Format Version 12.00
# Visual Studio 2013
Project("{2150E333-8FDC-42A3-9474-1A3956D46DE8}") = "Engine", "Engine", "{DD607316-2DA5-4DCA-B00F-E7D6213969D8}"
EndProject
Project("{2150E333-8FDC-42A3-9474-1A3956D46DE8}") = "Games", "Games", "{9D09112D-5AEF-4954-A5BF-71FA933F4A6B}"
EndProject
Project("{8BC9CEB8-8B4A-11D0-8D11-00A0C91BC942}") = "FreeFlight_GIT", "Intermediate\ProjectFiles\FreeFlight_GIT.vcxproj", "{6F5E7FBC-8EFF-4D29-B755-FFBAFF7EA7DA}"
	ProjectSection(ProjectDependencies) = postProject
	EndProjectSection
EndProject
Project("{8BC9CEB8-8B4A-11D0-8D11-00A0C91BC942}") = "UE4", "Intermediate\ProjectFiles\UE4.vcxproj", "{1BE10B50-0F5C-48EB-9B9D-A2698BA42870}"
EndProject
Global
	GlobalSection(SolutionConfigurationPlatforms) = preSolution
		DebugGame Editor|Windows = DebugGame Editor|Windows
		DebugGame|Windows = DebugGame|Windows
		Development Editor|Windows = Development Editor|Windows
		Development|Windows = Development|Windows
		Shipping|Windows = Shipping|Windows
	EndGlobalSection
	GlobalSection(ProjectConfigurationPlatforms) = postSolution
		{6F5E7FBC-8EFF-4D29-B755-FFBAFF7EA7DA}.DebugGame Editor|Windows.ActiveCfg = DebugGame_Editor|x64
		{6F5E7FBC-8EFF-4D29-B755-FFBAFF7EA7DA}.DebugGame Editor|Windows.Build.0 = DebugGame_Editor|x64
		{6F5E7FBC-8EFF-4D29-B755-FFBAFF7EA7DA}.DebugGame|Windows.ActiveCfg = DebugGame_Game|x64
		{6F5E7FBC-8EFF-4D29-B755-FFBAFF7EA7DA}.DebugGame|Windows.Build.0 = DebugGame_Game|x64
		{6F5E7FBC-8EFF-4D29-B755-FFBAFF7EA7DA}.Development Editor|Windows.ActiveCfg = Development_Editor|x64
		{6F5E7FBC-8EFF-4D29-B755-FFBAFF7EA7DA}.Development Editor|Windows.Build.0 = Development_Editor|x64
		{6F5E7FBC-8EFF-4D29-B755-FFBAFF7EA7DA}.Development|Windows.ActiveCfg = Development_Game|x64
		{6F5E7FBC-8EFF-4D29-B755-FFBAFF7EA7DA}.Development|Windows.Build.0 = Development_Game|x64
		{6F5E7FBC-8EFF-4D29-B755-FFBAFF7EA7DA}.Shipping|Windows.ActiveCfg = Shipping_Game|Win32
		{6F5E7FBC-8EFF-4D29-B755-FFBAFF7EA7DA}.Shipping|Windows.Build.0 = Shipping_Game|Win32
	EndGlobalSection
	GlobalSection(SolutionProperties) = preSolution
		HideSolutionNode = FALSE
	EndGlobalSection
	GlobalSection(NestedProjects) = preSolution
		{1BE10B50-0F5C-48EB-9B9D-A2698BA42870} = {DD607316-2DA5-4DCA-B00F-E7D6213969D8}
		{6F5E7FBC-8EFF-4D29-B755-FFBAFF7EA7DA} = {9D09112D-5AEF-4954-A5BF-71FA933F4A6B}
	EndGlobalSection
EndGlobal
